<?xml version="1.0" encoding="utf-8"?>
<Project ToolsVersion="4.0" xmlns="http://schemas.microsoft.com/developer/msbuild/2003">
  <ItemGroup>
    <Filter Include="Source Files">
      <UniqueIdentifier>{4FC737F1-C7A5-4376-A066-2A32D752A2FF}</UniqueIdentifier>
      <Extensions>cpp;c;cc;cxx;c++;cppm;ixx;def;odl;idl;hpj;bat;asm;asmx</Extensions>
    </Filter>
    <Filter Include="Header Files">
      <UniqueIdentifier>{93995380-89BD-4b04-88EB-625FBE52EBFB}</UniqueIdentifier>
      <Extensions>h;hh;hpp;hxx;h++;hm;inl;inc;ipp;xsd</Extensions>
    </Filter>
    <Filter Include="Resource Files">
      <UniqueIdentifier>{67DA6AB6-F800-4c08-8B7A-83BB121AAD01}</UniqueIdentifier>
      <Extensions>rc;ico;cur;bmp;dlg;rc2;rct;bin;rgs;gif;jpg;jpeg;jpe;resx;tiff;tif;png;wav;mfcribbon-ms</Extensions>
    </Filter>
  </ItemGroup>
  <ItemGroup>
    <ClInclude Include="buttons.h">
      <Filter>Header Files</Filter>
    </ClInclude>
    <ClInclude Include="cdapi.h">
      <Filter>Header Files</Filter>
    </ClInclude>
    <ClInclude Include="cdplayer.h">
      <Filter>Header Files</Filter>
    </ClInclude>
    <ClInclude Include="commands.h">
      <Filter>Header Files</Filter>
    </ClInclude>
    <ClInclude Include="database.h">
      <Filter>Header Files</Filter>
    </ClInclude>
    <ClInclude Include="diskinfo.h">
      <Filter>Header Files</Filter>
    </ClInclude>
    <ClInclude Include="dragdrop.h">
      <Filter>Header Files</Filter>
    </ClInclude>
    <ClInclude Include="helpids.h">
      <Filter>Header Files</Filter>
    </ClInclude>
    <ClInclude Include="ledwnd.h">
      <Filter>Header Files</Filter>
    </ClInclude>
    <ClInclude Include="literals.h">
      <Filter>Header Files</Filter>
    </ClInclude>
    <ClInclude Include="preferen.h">
      <Filter>Header Files</Filter>
    </ClInclude>
    <ClInclude Include="resource.h">
      <Filter>Header Files</Filter>
    </ClInclude>
    <ClInclude Include="scan.h">
      <Filter>Header Files</Filter>
    </ClInclude>
    <ClInclude Include="trklst.h">
      <Filter>Header Files</Filter>
    </ClInclude>
  </ItemGroup>
  <ItemGroup>
    <ClCompile Include="buttons.c">
      <Filter>Source Files</Filter>
    </ClCompile>
    <ClCompile Include="cdapi.c">
      <Filter>Source Files</Filter>
    </ClCompile>
    <ClCompile Include="cdapimci.c">
      <Filter>Source Files</Filter>
    </ClCompile>
    <ClCompile Include="cdplayer.c">
      <Filter>Source Files</Filter>
    </ClCompile>
    <ClCompile Include="commands.c">
      <Filter>Source Files</Filter>
    </ClCompile>
    <ClCompile Include="database.c">
      <Filter>Source Files</Filter>
    </ClCompile>
    <ClCompile Include="diskinfo.c">
      <Filter>Source Files</Filter>
    </ClCompile>
    <ClCompile Include="dragdrop.c">
      <Filter>Source Files</Filter>
    </ClCompile>
    <ClCompile Include="ledwnd.c">
      <Filter>Source Files</Filter>
    </ClCompile>
    <ClCompile Include="literals.c">
      <Filter>Source Files</Filter>
    </ClCompile>
    <ClCompile Include="preferen.c">
      <Filter>Source Files</Filter>
    </ClCompile>
    <ClCompile Include="scan.c">
      <Filter>Source Files</Filter>
    </ClCompile>
    <ClCompile Include="trklst.c">
      <Filter>Source Files</Filter>
    </ClCompile>
  </ItemGroup>
  <ItemGroup>
    <None Include="cdplayer.rcv">
      <Filter>Resource Files</Filter>
    </None>
  </ItemGroup>
  <ItemGroup>
    <ResourceCompile Include="cdplayer.rc">
      <Filter>Resource Files</Filter>
    </ResourceCompile>
  </ItemGroup>
</Project>